
Microsoft Visual Studio Solution File, Format Version 11.00
# Visual Studio 2010
Project("{FAE04EC0-301F-11D3-BF4B-00C04F79EFBC}") = "Assembly-CSharp", "Assembly-CSharp.csproj", "{8031cb40-ccb1-a58d-b1e5-ca81fda22cec}"
EndProject
Project("{FAE04EC0-301F-11D3-BF4B-00C04F79EFBC}") = "AstarPathfindingProject", "AstarPathfindingProject.csproj", "{38c68b08-678b-049b-40ca-098f15ef5297}"
EndProject
Project("{FAE04EC0-301F-11D3-BF4B-00C04F79EFBC}") = "PackageToolsEditor", "PackageToolsEditor.csproj", "{8a85fe58-7067-5b54-4b63-df0ef4e3b991}"
EndProject
Project("{FAE04EC0-301F-11D3-BF4B-00C04F79EFBC}") = "AstarPathfindingProjectEditor", "AstarPathfindingProjectEditor.csproj", "{a03ec03c-c8ae-9e61-072d-e1f5ab9c89ce}"
EndProject
Global
	GlobalSection(SolutionConfigurationPlatforms) = preSolution
		Debug|Any CPU = Debug|Any CPU
	EndGlobalSection
	GlobalSection(ProjectConfigurationPlatforms) = postSolution
		{8031cb40-ccb1-a58d-b1e5-ca81fda22cec}.Debug|Any CPU.ActiveCfg = Debug|Any CPU
		{8031cb40-ccb1-a58d-b1e5-ca81fda22cec}.Debug|Any CPU.Build.0 = Debug|Any CPU
		{38c68b08-678b-049b-40ca-098f15ef5297}.Debug|Any CPU.ActiveCfg = Debug|Any CPU
		{38c68b08-678b-049b-40ca-098f15ef5297}.Debug|Any CPU.Build.0 = Debug|Any CPU
		{8a85fe58-7067-5b54-4b63-df0ef4e3b991}.Debug|Any CPU.ActiveCfg = Debug|Any CPU
		{8a85fe58-7067-5b54-4b63-df0ef4e3b991}.Debug|Any CPU.Build.0 = Debug|Any CPU
		{a03ec03c-c8ae-9e61-072d-e1f5ab9c89ce}.Debug|Any CPU.ActiveCfg = Debug|Any CPU
		{a03ec03c-c8ae-9e61-072d-e1f5ab9c89ce}.Debug|Any CPU.Build.0 = Debug|Any CPU
	EndGlobalSection
	GlobalSection(SolutionProperties) = preSolution
		HideSolutionNode = FALSE
	EndGlobalSection
EndGlobal
